// !$*UTF8*$!
{
	archiveVersion = 1;
	classes = {
	};
	objectVersion = 46;
	objects = {

/* Begin PBXBuildFile section */
		01D1922D2A7C9146E10A5125 /* libPods.a in Frameworks */ = {isa = PBXBuildFile; fileRef = 230CB3E88CB302D8B47B23D5 /* libPods.a */; };
		2C3F72C31CBBD46400F8BFB8 /* main.m in Sources */ = {isa = PBXBuildFile; fileRef = 2C3F72C21CBBD46400F8BFB8 /* main.m */; };
		2C3F72CE1CBBD46400F8BFB8 /* Assets.xcassets in Resources */ = {isa = PBXBuildFile; fileRef = 2C3F72CD1CBBD46400F8BFB8 /* Assets.xcassets */; };
		2C3F72DC1CBBD46400F8BFB8 /* iSistemiumCoreTests.m in Sources */ = {isa = PBXBuildFile; fileRef = 2C3F72DB1CBBD46400F8BFB8 /* iSistemiumCoreTests.m */; };
		2C3F72E71CBBD46400F8BFB8 /* iSistemiumCoreUITests.m in Sources */ = {isa = PBXBuildFile; fileRef = 2C3F72E61CBBD46400F8BFB8 /* iSistemiumCoreUITests.m */; };
		2C3F72FC1CBBD55700F8BFB8 /* STMAuth.storyboard in Resources */ = {isa = PBXBuildFile; fileRef = 2C3F72F51CBBD55700F8BFB8 /* STMAuth.storyboard */; };
		2C3F72FD1CBBD55700F8BFB8 /* STMLogs.storyboard in Resources */ = {isa = PBXBuildFile; fileRef = 2C3F72F61CBBD55700F8BFB8 /* STMLogs.storyboard */; };
		2C3F72FE1CBBD55700F8BFB8 /* STMProfile.storyboard in Resources */ = {isa = PBXBuildFile; fileRef = 2C3F72F71CBBD55700F8BFB8 /* STMProfile.storyboard */; };
		2C3F72FF1CBBD55700F8BFB8 /* STMScannerInfo.storyboard in Resources */ = {isa = PBXBuildFile; fileRef = 2C3F72F81CBBD55700F8BFB8 /* STMScannerInfo.storyboard */; };
		2C3F73001CBBD55700F8BFB8 /* STMSettings.storyboard in Resources */ = {isa = PBXBuildFile; fileRef = 2C3F72F91CBBD55700F8BFB8 /* STMSettings.storyboard */; };
		2C3F73011CBBD55700F8BFB8 /* STMWebView.storyboard in Resources */ = {isa = PBXBuildFile; fileRef = 2C3F72FA1CBBD55700F8BFB8 /* STMWebView.storyboard */; };
		2C3F73021CBBD55700F8BFB8 /* STMWKWebView.storyboard in Resources */ = {isa = PBXBuildFile; fileRef = 2C3F72FB1CBBD55700F8BFB8 /* STMWKWebView.storyboard */; };
		2C3F73131CBBD57B00F8BFB8 /* STMThreeLinesAndCheckboxTVCell.xib in Resources */ = {isa = PBXBuildFile; fileRef = 2C3F73041CBBD57B00F8BFB8 /* STMThreeLinesAndCheckboxTVCell.xib */; };
		2C3F73141CBBD57B00F8BFB8 /* STMCustom1CVCell.xib in Resources */ = {isa = PBXBuildFile; fileRef = 2C3F73051CBBD57B00F8BFB8 /* STMCustom1CVCell.xib */; };
		2C3F73151CBBD57B00F8BFB8 /* STMCustom1CVHeader.xib in Resources */ = {isa = PBXBuildFile; fileRef = 2C3F73061CBBD57B00F8BFB8 /* STMCustom1CVHeader.xib */; };
		2C3F73161CBBD57B00F8BFB8 /* STMCustom1TVCell.xib in Resources */ = {isa = PBXBuildFile; fileRef = 2C3F73071CBBD57B00F8BFB8 /* STMCustom1TVCell.xib */; };
		2C3F73171CBBD57B00F8BFB8 /* STMCustom2TVCell.xib in Resources */ = {isa = PBXBuildFile; fileRef = 2C3F73081CBBD57B00F8BFB8 /* STMCustom2TVCell.xib */; };
		2C3F73181CBBD57B00F8BFB8 /* STMCustom3TVCell.xib in Resources */ = {isa = PBXBuildFile; fileRef = 2C3F73091CBBD57B00F8BFB8 /* STMCustom3TVCell.xib */; };
		2C3F73191CBBD57B00F8BFB8 /* STMCustom4TVCell.xib in Resources */ = {isa = PBXBuildFile; fileRef = 2C3F730A1CBBD57B00F8BFB8 /* STMCustom4TVCell.xib */; };
		2C3F731A1CBBD57B00F8BFB8 /* STMCustom5TVCell.xib in Resources */ = {isa = PBXBuildFile; fileRef = 2C3F730B1CBBD57B00F8BFB8 /* STMCustom5TVCell.xib */; };
		2C3F731B1CBBD57B00F8BFB8 /* STMCustom6TVCell.xib in Resources */ = {isa = PBXBuildFile; fileRef = 2C3F730C1CBBD57B00F8BFB8 /* STMCustom6TVCell.xib */; };
		2C3F731C1CBBD57B00F8BFB8 /* STMCustom7TVCell.xib in Resources */ = {isa = PBXBuildFile; fileRef = 2C3F730D1CBBD57B00F8BFB8 /* STMCustom7TVCell.xib */; };
		2C3F731D1CBBD57B00F8BFB8 /* STMCustom8TVCell.xib in Resources */ = {isa = PBXBuildFile; fileRef = 2C3F730E1CBBD57B00F8BFB8 /* STMCustom8TVCell.xib */; };
		2C3F731E1CBBD57B00F8BFB8 /* STMCustom9TVCell.xib in Resources */ = {isa = PBXBuildFile; fileRef = 2C3F730F1CBBD57B00F8BFB8 /* STMCustom9TVCell.xib */; };
		2C3F731F1CBBD57B00F8BFB8 /* STMCustom10TVCell.xib in Resources */ = {isa = PBXBuildFile; fileRef = 2C3F73101CBBD57B00F8BFB8 /* STMCustom10TVCell.xib */; };
		2C3F73201CBBD57B00F8BFB8 /* STMVolumeControlsTVCell.xib in Resources */ = {isa = PBXBuildFile; fileRef = 2C3F73111CBBD57B00F8BFB8 /* STMVolumeControlsTVCell.xib */; };
		2C3F73211CBBD57B00F8BFB8 /* STMVolumeTVCell.xib in Resources */ = {isa = PBXBuildFile; fileRef = 2C3F73121CBBD57B00F8BFB8 /* STMVolumeTVCell.xib */; };
		2C3F73261CBBD5C400F8BFB8 /* iphoneTabs.json in Resources */ = {isa = PBXBuildFile; fileRef = 2C3F73231CBBD5C400F8BFB8 /* iphoneTabs.json */; };
		2C3F73271CBBD5C400F8BFB8 /* settings_schema.json in Resources */ = {isa = PBXBuildFile; fileRef = 2C3F73241CBBD5C400F8BFB8 /* settings_schema.json */; };
		2C3F73281CBBD5C400F8BFB8 /* settings.json in Resources */ = {isa = PBXBuildFile; fileRef = 2C3F73251CBBD5C400F8BFB8 /* settings.json */; };
		2C3F73521CBBD5EB00F8BFB8 /* 3colors-colorless.png in Resources */ = {isa = PBXBuildFile; fileRef = 2C3F732A1CBBD5EB00F8BFB8 /* 3colors-colorless.png */; };
		2C3F73531CBBD5EB00F8BFB8 /* alphabetical_sorting_2.png in Resources */ = {isa = PBXBuildFile; fileRef = 2C3F732B1CBBD5EB00F8BFB8 /* alphabetical_sorting_2.png */; };
		2C3F73541CBBD5EB00F8BFB8 /* alphabetical_sorting.png in Resources */ = {isa = PBXBuildFile; fileRef = 2C3F732C1CBBD5EB00F8BFB8 /* alphabetical_sorting.png */; };
		2C3F73551CBBD5EB00F8BFB8 /* back.png in Resources */ = {isa = PBXBuildFile; fileRef = 2C3F732D1CBBD5EB00F8BFB8 /* back.png */; };
		2C3F73561CBBD5EB00F8BFB8 /* barcode_scanner.png in Resources */ = {isa = PBXBuildFile; fileRef = 2C3F732E1CBBD5EB00F8BFB8 /* barcode_scanner.png */; };
		2C3F73571CBBD5EB00F8BFB8 /* barcode.png in Resources */ = {isa = PBXBuildFile; fileRef = 2C3F732F1CBBD5EB00F8BFB8 /* barcode.png */; };
		2C3F73581CBBD5EB00F8BFB8 /* camera_filled.png in Resources */ = {isa = PBXBuildFile; fileRef = 2C3F73301CBBD5EB00F8BFB8 /* camera_filled.png */; };
		2C3F73591CBBD5EB00F8BFB8 /* camera.png in Resources */ = {isa = PBXBuildFile; fileRef = 2C3F73311CBBD5EB00F8BFB8 /* camera.png */; };
		2C3F735A1CBBD5EB00F8BFB8 /* checked_user-128.png in Resources */ = {isa = PBXBuildFile; fileRef = 2C3F73321CBBD5EB00F8BFB8 /* checked_user-128.png */; };
		2C3F735B1CBBD5EB00F8BFB8 /* checkmark_filled.png in Resources */ = {isa = PBXBuildFile; fileRef = 2C3F73331CBBD5EB00F8BFB8 /* checkmark_filled.png */; };
		2C3F735C1CBBD5EB00F8BFB8 /* checkmark.png in Resources */ = {isa = PBXBuildFile; fileRef = 2C3F73341CBBD5EB00F8BFB8 /* checkmark.png */; };
		2C3F735D1CBBD5EB00F8BFB8 /* Clear Filters-25.png in Resources */ = {isa = PBXBuildFile; fileRef = 2C3F73351CBBD5EB00F8BFB8 /* Clear Filters-25.png */; };
		2C3F735E1CBBD5EB00F8BFB8 /* close-128.png in Resources */ = {isa = PBXBuildFile; fileRef = 2C3F73361CBBD5EB00F8BFB8 /* close-128.png */; };
		2C3F735F1CBBD5EB00F8BFB8 /* data_in_both_directions.png in Resources */ = {isa = PBXBuildFile; fileRef = 2C3F73371CBBD5EB00F8BFB8 /* data_in_both_directions.png */; };
		2C3F73601CBBD5EB00F8BFB8 /* Down4-25.png in Resources */ = {isa = PBXBuildFile; fileRef = 2C3F73381CBBD5EB00F8BFB8 /* Down4-25.png */; };
		2C3F73611CBBD5EB00F8BFB8 /* Download From Cloud-100.png in Resources */ = {isa = PBXBuildFile; fileRef = 2C3F73391CBBD5EB00F8BFB8 /* Download From Cloud-100.png */; };
		2C3F73621CBBD5EB00F8BFB8 /* exit-128.png in Resources */ = {isa = PBXBuildFile; fileRef = 2C3F733A1CBBD5EB00F8BFB8 /* exit-128.png */; };
		2C3F73631CBBD5EB00F8BFB8 /* forward.png in Resources */ = {isa = PBXBuildFile; fileRef = 2C3F733B1CBBD5EB00F8BFB8 /* forward.png */; };
		2C3F73641CBBD5EB00F8BFB8 /* full_moon-128.png in Resources */ = {isa = PBXBuildFile; fileRef = 2C3F733C1CBBD5EB00F8BFB8 /* full_moon-128.png */; };
		2C3F73651CBBD5EB00F8BFB8 /* future.png in Resources */ = {isa = PBXBuildFile; fileRef = 2C3F733D1CBBD5EB00F8BFB8 /* future.png */; };
		2C3F73661CBBD5EB00F8BFB8 /* help.png in Resources */ = {isa = PBXBuildFile; fileRef = 2C3F733E1CBBD5EB00F8BFB8 /* help.png */; };
		2C3F73671CBBD5EB00F8BFB8 /* location.png in Resources */ = {isa = PBXBuildFile; fileRef = 2C3F733F1CBBD5EB00F8BFB8 /* location.png */; };
		2C3F73681CBBD5EB00F8BFB8 /* No connection Cloud-100.png in Resources */ = {isa = PBXBuildFile; fileRef = 2C3F73401CBBD5EB00F8BFB8 /* No connection Cloud-100.png */; };
		2C3F73691CBBD5EB00F8BFB8 /* numerical_sorting_12.png in Resources */ = {isa = PBXBuildFile; fileRef = 2C3F73411CBBD5EB00F8BFB8 /* numerical_sorting_12.png */; };
		2C3F736A1CBBD5EB00F8BFB8 /* numerical_sorting_21.png in Resources */ = {isa = PBXBuildFile; fileRef = 2C3F73421CBBD5EB00F8BFB8 /* numerical_sorting_21.png */; };
		2C3F736B1CBBD5EB00F8BFB8 /* password2-128.png in Resources */ = {isa = PBXBuildFile; fileRef = 2C3F73431CBBD5EB00F8BFB8 /* password2-128.png */; };
		2C3F736C1CBBD5EB00F8BFB8 /* past.png in Resources */ = {isa = PBXBuildFile; fileRef = 2C3F73441CBBD5EB00F8BFB8 /* past.png */; };
		2C3F736D1CBBD5EB00F8BFB8 /* photo-icon.png in Resources */ = {isa = PBXBuildFile; fileRef = 2C3F73451CBBD5EB00F8BFB8 /* photo-icon.png */; };
		2C3F736E1CBBD5EB00F8BFB8 /* plus.png in Resources */ = {isa = PBXBuildFile; fileRef = 2C3F73461CBBD5EB00F8BFB8 /* plus.png */; };
		2C3F736F1CBBD5EB00F8BFB8 /* refresh_barcode.png in Resources */ = {isa = PBXBuildFile; fileRef = 2C3F73471CBBD5EB00F8BFB8 /* refresh_barcode.png */; };
		2C3F73701CBBD5EB00F8BFB8 /* reordering.png in Resources */ = {isa = PBXBuildFile; fileRef = 2C3F73481CBBD5EB00F8BFB8 /* reordering.png */; };
		2C3F73711CBBD5EB00F8BFB8 /* scanner_info.png in Resources */ = {isa = PBXBuildFile; fileRef = 2C3F73491CBBD5EB00F8BFB8 /* scanner_info.png */; };
		2C3F73721CBBD5EB00F8BFB8 /* Settings-25.png in Resources */ = {isa = PBXBuildFile; fileRef = 2C3F734A1CBBD5EB00F8BFB8 /* Settings-25.png */; };
		2C3F73731CBBD5EB00F8BFB8 /* settings.png in Resources */ = {isa = PBXBuildFile; fileRef = 2C3F734B1CBBD5EB00F8BFB8 /* settings.png */; };
		2C3F73741CBBD5EB00F8BFB8 /* settings3-128.png in Resources */ = {isa = PBXBuildFile; fileRef = 2C3F734C1CBBD5EB00F8BFB8 /* settings3-128.png */; };
		2C3F73751CBBD5EB00F8BFB8 /* Sync With Cloud.png in Resources */ = {isa = PBXBuildFile; fileRef = 2C3F734D1CBBD5EB00F8BFB8 /* Sync With Cloud.png */; };
		2C3F73761CBBD5EB00F8BFB8 /* uncheckmark_filled.png in Resources */ = {isa = PBXBuildFile; fileRef = 2C3F734E1CBBD5EB00F8BFB8 /* uncheckmark_filled.png */; };
		2C3F73771CBBD5EB00F8BFB8 /* uncheckmark.png in Resources */ = {isa = PBXBuildFile; fileRef = 2C3F734F1CBBD5EB00F8BFB8 /* uncheckmark.png */; };
		2C3F73781CBBD5EB00F8BFB8 /* Up4-25.png in Resources */ = {isa = PBXBuildFile; fileRef = 2C3F73501CBBD5EB00F8BFB8 /* Up4-25.png */; };
		2C3F73791CBBD5EB00F8BFB8 /* Upload To Cloud-100.png in Resources */ = {isa = PBXBuildFile; fileRef = 2C3F73511CBBD5EB00F8BFB8 /* Upload To Cloud-100.png */; };
/* End PBXBuildFile section */

/* Begin PBXContainerItemProxy section */
		2C3F72D81CBBD46400F8BFB8 /* PBXContainerItemProxy */ = {
			isa = PBXContainerItemProxy;
			containerPortal = 2C3F72B61CBBD46400F8BFB8 /* Project object */;
			proxyType = 1;
			remoteGlobalIDString = 2C3F72BD1CBBD46400F8BFB8;
			remoteInfo = iSistemiumCore;
		};
		2C3F72E31CBBD46400F8BFB8 /* PBXContainerItemProxy */ = {
			isa = PBXContainerItemProxy;
			containerPortal = 2C3F72B61CBBD46400F8BFB8 /* Project object */;
			proxyType = 1;
			remoteGlobalIDString = 2C3F72BD1CBBD46400F8BFB8;
			remoteInfo = iSistemiumCore;
		};
/* End PBXContainerItemProxy section */

/* Begin PBXFileReference section */
		230CB3E88CB302D8B47B23D5 /* libPods.a */ = {isa = PBXFileReference; explicitFileType = archive.ar; includeInIndex = 0; path = libPods.a; sourceTree = BUILT_PRODUCTS_DIR; };
		2C3F72BE1CBBD46400F8BFB8 /* iSistemiumCore.app */ = {isa = PBXFileReference; explicitFileType = wrapper.application; includeInIndex = 0; path = iSistemiumCore.app; sourceTree = BUILT_PRODUCTS_DIR; };
		2C3F72C21CBBD46400F8BFB8 /* main.m */ = {isa = PBXFileReference; lastKnownFileType = sourcecode.c.objc; path = main.m; sourceTree = "<group>"; };
		2C3F72CD1CBBD46400F8BFB8 /* Assets.xcassets */ = {isa = PBXFileReference; lastKnownFileType = folder.assetcatalog; path = Assets.xcassets; sourceTree = "<group>"; };
		2C3F72D21CBBD46400F8BFB8 /* Info.plist */ = {isa = PBXFileReference; lastKnownFileType = text.plist.xml; path = Info.plist; sourceTree = "<group>"; };
		2C3F72D71CBBD46400F8BFB8 /* iSistemiumCoreTests.xctest */ = {isa = PBXFileReference; explicitFileType = wrapper.cfbundle; includeInIndex = 0; path = iSistemiumCoreTests.xctest; sourceTree = BUILT_PRODUCTS_DIR; };
		2C3F72DB1CBBD46400F8BFB8 /* iSistemiumCoreTests.m */ = {isa = PBXFileReference; lastKnownFileType = sourcecode.c.objc; path = iSistemiumCoreTests.m; sourceTree = "<group>"; };
		2C3F72DD1CBBD46400F8BFB8 /* Info.plist */ = {isa = PBXFileReference; lastKnownFileType = text.plist.xml; path = Info.plist; sourceTree = "<group>"; };
		2C3F72E21CBBD46400F8BFB8 /* iSistemiumCoreUITests.xctest */ = {isa = PBXFileReference; explicitFileType = wrapper.cfbundle; includeInIndex = 0; path = iSistemiumCoreUITests.xctest; sourceTree = BUILT_PRODUCTS_DIR; };
		2C3F72E61CBBD46400F8BFB8 /* iSistemiumCoreUITests.m */ = {isa = PBXFileReference; lastKnownFileType = sourcecode.c.objc; path = iSistemiumCoreUITests.m; sourceTree = "<group>"; };
		2C3F72E81CBBD46400F8BFB8 /* Info.plist */ = {isa = PBXFileReference; lastKnownFileType = text.plist.xml; path = Info.plist; sourceTree = "<group>"; };
		2C3F72F51CBBD55700F8BFB8 /* STMAuth.storyboard */ = {isa = PBXFileReference; fileEncoding = 4; lastKnownFileType = file.storyboard; path = STMAuth.storyboard; sourceTree = "<group>"; };
		2C3F72F61CBBD55700F8BFB8 /* STMLogs.storyboard */ = {isa = PBXFileReference; fileEncoding = 4; lastKnownFileType = file.storyboard; path = STMLogs.storyboard; sourceTree = "<group>"; };
		2C3F72F71CBBD55700F8BFB8 /* STMProfile.storyboard */ = {isa = PBXFileReference; fileEncoding = 4; lastKnownFileType = file.storyboard; path = STMProfile.storyboard; sourceTree = "<group>"; };
		2C3F72F81CBBD55700F8BFB8 /* STMScannerInfo.storyboard */ = {isa = PBXFileReference; fileEncoding = 4; lastKnownFileType = file.storyboard; path = STMScannerInfo.storyboard; sourceTree = "<group>"; };
		2C3F72F91CBBD55700F8BFB8 /* STMSettings.storyboard */ = {isa = PBXFileReference; fileEncoding = 4; lastKnownFileType = file.storyboard; path = STMSettings.storyboard; sourceTree = "<group>"; };
		2C3F72FA1CBBD55700F8BFB8 /* STMWebView.storyboard */ = {isa = PBXFileReference; fileEncoding = 4; lastKnownFileType = file.storyboard; path = STMWebView.storyboard; sourceTree = "<group>"; };
		2C3F72FB1CBBD55700F8BFB8 /* STMWKWebView.storyboard */ = {isa = PBXFileReference; fileEncoding = 4; lastKnownFileType = file.storyboard; path = STMWKWebView.storyboard; sourceTree = "<group>"; };
		2C3F73041CBBD57B00F8BFB8 /* STMThreeLinesAndCheckboxTVCell.xib */ = {isa = PBXFileReference; fileEncoding = 4; lastKnownFileType = file.xib; path = STMThreeLinesAndCheckboxTVCell.xib; sourceTree = "<group>"; };
		2C3F73051CBBD57B00F8BFB8 /* STMCustom1CVCell.xib */ = {isa = PBXFileReference; fileEncoding = 4; lastKnownFileType = file.xib; path = STMCustom1CVCell.xib; sourceTree = "<group>"; };
		2C3F73061CBBD57B00F8BFB8 /* STMCustom1CVHeader.xib */ = {isa = PBXFileReference; fileEncoding = 4; lastKnownFileType = file.xib; path = STMCustom1CVHeader.xib; sourceTree = "<group>"; };
		2C3F73071CBBD57B00F8BFB8 /* STMCustom1TVCell.xib */ = {isa = PBXFileReference; fileEncoding = 4; lastKnownFileType = file.xib; path = STMCustom1TVCell.xib; sourceTree = "<group>"; };
		2C3F73081CBBD57B00F8BFB8 /* STMCustom2TVCell.xib */ = {isa = PBXFileReference; fileEncoding = 4; lastKnownFileType = file.xib; path = STMCustom2TVCell.xib; sourceTree = "<group>"; };
		2C3F73091CBBD57B00F8BFB8 /* STMCustom3TVCell.xib */ = {isa = PBXFileReference; fileEncoding = 4; lastKnownFileType = file.xib; path = STMCustom3TVCell.xib; sourceTree = "<group>"; };
		2C3F730A1CBBD57B00F8BFB8 /* STMCustom4TVCell.xib */ = {isa = PBXFileReference; fileEncoding = 4; lastKnownFileType = file.xib; path = STMCustom4TVCell.xib; sourceTree = "<group>"; };
		2C3F730B1CBBD57B00F8BFB8 /* STMCustom5TVCell.xib */ = {isa = PBXFileReference; fileEncoding = 4; lastKnownFileType = file.xib; path = STMCustom5TVCell.xib; sourceTree = "<group>"; };
		2C3F730C1CBBD57B00F8BFB8 /* STMCustom6TVCell.xib */ = {isa = PBXFileReference; fileEncoding = 4; lastKnownFileType = file.xib; path = STMCustom6TVCell.xib; sourceTree = "<group>"; };
		2C3F730D1CBBD57B00F8BFB8 /* STMCustom7TVCell.xib */ = {isa = PBXFileReference; fileEncoding = 4; lastKnownFileType = file.xib; path = STMCustom7TVCell.xib; sourceTree = "<group>"; };
		2C3F730E1CBBD57B00F8BFB8 /* STMCustom8TVCell.xib */ = {isa = PBXFileReference; fileEncoding = 4; lastKnownFileType = file.xib; path = STMCustom8TVCell.xib; sourceTree = "<group>"; };
		2C3F730F1CBBD57B00F8BFB8 /* STMCustom9TVCell.xib */ = {isa = PBXFileReference; fileEncoding = 4; lastKnownFileType = file.xib; path = STMCustom9TVCell.xib; sourceTree = "<group>"; };
		2C3F73101CBBD57B00F8BFB8 /* STMCustom10TVCell.xib */ = {isa = PBXFileReference; fileEncoding = 4; lastKnownFileType = file.xib; path = STMCustom10TVCell.xib; sourceTree = "<group>"; };
		2C3F73111CBBD57B00F8BFB8 /* STMVolumeControlsTVCell.xib */ = {isa = PBXFileReference; fileEncoding = 4; lastKnownFileType = file.xib; path = STMVolumeControlsTVCell.xib; sourceTree = "<group>"; };
		2C3F73121CBBD57B00F8BFB8 /* STMVolumeTVCell.xib */ = {isa = PBXFileReference; fileEncoding = 4; lastKnownFileType = file.xib; path = STMVolumeTVCell.xib; sourceTree = "<group>"; };
		2C3F73231CBBD5C400F8BFB8 /* iphoneTabs.json */ = {isa = PBXFileReference; fileEncoding = 4; lastKnownFileType = text.json; path = iphoneTabs.json; sourceTree = "<group>"; };
		2C3F73241CBBD5C400F8BFB8 /* settings_schema.json */ = {isa = PBXFileReference; fileEncoding = 4; lastKnownFileType = text.json; path = settings_schema.json; sourceTree = "<group>"; };
		2C3F73251CBBD5C400F8BFB8 /* settings.json */ = {isa = PBXFileReference; fileEncoding = 4; lastKnownFileType = text.json; path = settings.json; sourceTree = "<group>"; };
		2C3F732A1CBBD5EB00F8BFB8 /* 3colors-colorless.png */ = {isa = PBXFileReference; lastKnownFileType = image.png; path = "3colors-colorless.png"; sourceTree = "<group>"; };
		2C3F732B1CBBD5EB00F8BFB8 /* alphabetical_sorting_2.png */ = {isa = PBXFileReference; lastKnownFileType = image.png; path = alphabetical_sorting_2.png; sourceTree = "<group>"; };
		2C3F732C1CBBD5EB00F8BFB8 /* alphabetical_sorting.png */ = {isa = PBXFileReference; lastKnownFileType = image.png; path = alphabetical_sorting.png; sourceTree = "<group>"; };
		2C3F732D1CBBD5EB00F8BFB8 /* back.png */ = {isa = PBXFileReference; lastKnownFileType = image.png; path = back.png; sourceTree = "<group>"; };
		2C3F732E1CBBD5EB00F8BFB8 /* barcode_scanner.png */ = {isa = PBXFileReference; lastKnownFileType = image.png; path = barcode_scanner.png; sourceTree = "<group>"; };
		2C3F732F1CBBD5EB00F8BFB8 /* barcode.png */ = {isa = PBXFileReference; lastKnownFileType = image.png; path = barcode.png; sourceTree = "<group>"; };
		2C3F73301CBBD5EB00F8BFB8 /* camera_filled.png */ = {isa = PBXFileReference; lastKnownFileType = image.png; path = camera_filled.png; sourceTree = "<group>"; };
		2C3F73311CBBD5EB00F8BFB8 /* camera.png */ = {isa = PBXFileReference; lastKnownFileType = image.png; path = camera.png; sourceTree = "<group>"; };
		2C3F73321CBBD5EB00F8BFB8 /* checked_user-128.png */ = {isa = PBXFileReference; lastKnownFileType = image.png; path = "checked_user-128.png"; sourceTree = "<group>"; };
		2C3F73331CBBD5EB00F8BFB8 /* checkmark_filled.png */ = {isa = PBXFileReference; lastKnownFileType = image.png; path = checkmark_filled.png; sourceTree = "<group>"; };
		2C3F73341CBBD5EB00F8BFB8 /* checkmark.png */ = {isa = PBXFileReference; lastKnownFileType = image.png; path = checkmark.png; sourceTree = "<group>"; };
		2C3F73351CBBD5EB00F8BFB8 /* Clear Filters-25.png */ = {isa = PBXFileReference; lastKnownFileType = image.png; path = "Clear Filters-25.png"; sourceTree = "<group>"; };
		2C3F73361CBBD5EB00F8BFB8 /* close-128.png */ = {isa = PBXFileReference; lastKnownFileType = image.png; path = "close-128.png"; sourceTree = "<group>"; };
		2C3F73371CBBD5EB00F8BFB8 /* data_in_both_directions.png */ = {isa = PBXFileReference; lastKnownFileType = image.png; path = data_in_both_directions.png; sourceTree = "<group>"; };
		2C3F73381CBBD5EB00F8BFB8 /* Down4-25.png */ = {isa = PBXFileReference; lastKnownFileType = image.png; path = "Down4-25.png"; sourceTree = "<group>"; };
		2C3F73391CBBD5EB00F8BFB8 /* Download From Cloud-100.png */ = {isa = PBXFileReference; lastKnownFileType = image.png; path = "Download From Cloud-100.png"; sourceTree = "<group>"; };
		2C3F733A1CBBD5EB00F8BFB8 /* exit-128.png */ = {isa = PBXFileReference; lastKnownFileType = image.png; path = "exit-128.png"; sourceTree = "<group>"; };
		2C3F733B1CBBD5EB00F8BFB8 /* forward.png */ = {isa = PBXFileReference; lastKnownFileType = image.png; path = forward.png; sourceTree = "<group>"; };
		2C3F733C1CBBD5EB00F8BFB8 /* full_moon-128.png */ = {isa = PBXFileReference; lastKnownFileType = image.png; path = "full_moon-128.png"; sourceTree = "<group>"; };
		2C3F733D1CBBD5EB00F8BFB8 /* future.png */ = {isa = PBXFileReference; lastKnownFileType = image.png; path = future.png; sourceTree = "<group>"; };
		2C3F733E1CBBD5EB00F8BFB8 /* help.png */ = {isa = PBXFileReference; lastKnownFileType = image.png; path = help.png; sourceTree = "<group>"; };
		2C3F733F1CBBD5EB00F8BFB8 /* location.png */ = {isa = PBXFileReference; lastKnownFileType = image.png; path = location.png; sourceTree = "<group>"; };
		2C3F73401CBBD5EB00F8BFB8 /* No connection Cloud-100.png */ = {isa = PBXFileReference; lastKnownFileType = image.png; path = "No connection Cloud-100.png"; sourceTree = "<group>"; };
		2C3F73411CBBD5EB00F8BFB8 /* numerical_sorting_12.png */ = {isa = PBXFileReference; lastKnownFileType = image.png; path = numerical_sorting_12.png; sourceTree = "<group>"; };
		2C3F73421CBBD5EB00F8BFB8 /* numerical_sorting_21.png */ = {isa = PBXFileReference; lastKnownFileType = image.png; path = numerical_sorting_21.png; sourceTree = "<group>"; };
		2C3F73431CBBD5EB00F8BFB8 /* password2-128.png */ = {isa = PBXFileReference; lastKnownFileType = image.png; path = "password2-128.png"; sourceTree = "<group>"; };
		2C3F73441CBBD5EB00F8BFB8 /* past.png */ = {isa = PBXFileReference; lastKnownFileType = image.png; path = past.png; sourceTree = "<group>"; };
		2C3F73451CBBD5EB00F8BFB8 /* photo-icon.png */ = {isa = PBXFileReference; lastKnownFileType = image.png; path = "photo-icon.png"; sourceTree = "<group>"; };
		2C3F73461CBBD5EB00F8BFB8 /* plus.png */ = {isa = PBXFileReference; lastKnownFileType = image.png; path = plus.png; sourceTree = "<group>"; };
		2C3F73471CBBD5EB00F8BFB8 /* refresh_barcode.png */ = {isa = PBXFileReference; lastKnownFileType = image.png; path = refresh_barcode.png; sourceTree = "<group>"; };
		2C3F73481CBBD5EB00F8BFB8 /* reordering.png */ = {isa = PBXFileReference; lastKnownFileType = image.png; path = reordering.png; sourceTree = "<group>"; };
		2C3F73491CBBD5EB00F8BFB8 /* scanner_info.png */ = {isa = PBXFileReference; lastKnownFileType = image.png; path = scanner_info.png; sourceTree = "<group>"; };
		2C3F734A1CBBD5EB00F8BFB8 /* Settings-25.png */ = {isa = PBXFileReference; lastKnownFileType = image.png; path = "Settings-25.png"; sourceTree = "<group>"; };
		2C3F734B1CBBD5EB00F8BFB8 /* settings.png */ = {isa = PBXFileReference; lastKnownFileType = image.png; path = settings.png; sourceTree = "<group>"; };
		2C3F734C1CBBD5EB00F8BFB8 /* settings3-128.png */ = {isa = PBXFileReference; lastKnownFileType = image.png; path = "settings3-128.png"; sourceTree = "<group>"; };
		2C3F734D1CBBD5EB00F8BFB8 /* Sync With Cloud.png */ = {isa = PBXFileReference; lastKnownFileType = image.png; path = "Sync With Cloud.png"; sourceTree = "<group>"; };
		2C3F734E1CBBD5EB00F8BFB8 /* uncheckmark_filled.png */ = {isa = PBXFileReference; lastKnownFileType = image.png; path = uncheckmark_filled.png; sourceTree = "<group>"; };
		2C3F734F1CBBD5EB00F8BFB8 /* uncheckmark.png */ = {isa = PBXFileReference; lastKnownFileType = image.png; path = uncheckmark.png; sourceTree = "<group>"; };
		2C3F73501CBBD5EB00F8BFB8 /* Up4-25.png */ = {isa = PBXFileReference; lastKnownFileType = image.png; path = "Up4-25.png"; sourceTree = "<group>"; };
		2C3F73511CBBD5EB00F8BFB8 /* Upload To Cloud-100.png */ = {isa = PBXFileReference; lastKnownFileType = image.png; path = "Upload To Cloud-100.png"; sourceTree = "<group>"; };
		3EC6EC8B00B17412AB815609 /* Pods.debug.xcconfig */ = {isa = PBXFileReference; includeInIndex = 1; lastKnownFileType = text.xcconfig; name = Pods.debug.xcconfig; path = "Pods/Target Support Files/Pods/Pods.debug.xcconfig"; sourceTree = "<group>"; };
		DAB0701E03625C967FCD1F9A /* Pods.release.xcconfig */ = {isa = PBXFileReference; includeInIndex = 1; lastKnownFileType = text.xcconfig; name = Pods.release.xcconfig; path = "Pods/Target Support Files/Pods/Pods.release.xcconfig"; sourceTree = "<group>"; };
/* End PBXFileReference section */

/* Begin PBXFrameworksBuildPhase section */
		2C3F72BB1CBBD46400F8BFB8 /* Frameworks */ = {
			isa = PBXFrameworksBuildPhase;
			buildActionMask = 2147483647;
			files = (
				01D1922D2A7C9146E10A5125 /* libPods.a in Frameworks */,
			);
			runOnlyForDeploymentPostprocessing = 0;
		};
		2C3F72D41CBBD46400F8BFB8 /* Frameworks */ = {
			isa = PBXFrameworksBuildPhase;
			buildActionMask = 2147483647;
			files = (
			);
			runOnlyForDeploymentPostprocessing = 0;
		};
		2C3F72DF1CBBD46400F8BFB8 /* Frameworks */ = {
			isa = PBXFrameworksBuildPhase;
			buildActionMask = 2147483647;
			files = (
			);
			runOnlyForDeploymentPostprocessing = 0;
		};
/* End PBXFrameworksBuildPhase section */

/* Begin PBXGroup section */
		2C3F72B51CBBD46400F8BFB8 = {
			isa = PBXGroup;
			children = (
				2C3F72C01CBBD46400F8BFB8 /* iSistemiumCore */,
				2C3F72DA1CBBD46400F8BFB8 /* iSistemiumCoreTests */,
				2C3F72E51CBBD46400F8BFB8 /* iSistemiumCoreUITests */,
				2C3F72BF1CBBD46400F8BFB8 /* Products */,
				7EF1977DB6872C616B454979 /* Pods */,
				FAADE6582BAD513A5DA3F23B /* Frameworks */,
			);
			sourceTree = "<group>";
		};
		2C3F72BF1CBBD46400F8BFB8 /* Products */ = {
			isa = PBXGroup;
			children = (
				2C3F72BE1CBBD46400F8BFB8 /* iSistemiumCore.app */,
				2C3F72D71CBBD46400F8BFB8 /* iSistemiumCoreTests.xctest */,
				2C3F72E21CBBD46400F8BFB8 /* iSistemiumCoreUITests.xctest */,
			);
			name = Products;
			sourceTree = "<group>";
		};
		2C3F72C01CBBD46400F8BFB8 /* iSistemiumCore */ = {
			isa = PBXGroup;
			children = (
				2C3F73221CBBD5A000F8BFB8 /* Resources */,
				2C3F72F41CBBD52800F8BFB8 /* Storyboards */,
				2C3F72CD1CBBD46400F8BFB8 /* Assets.xcassets */,
				2C3F72D21CBBD46400F8BFB8 /* Info.plist */,
				2C3F72C11CBBD46400F8BFB8 /* Supporting Files */,
			);
			path = iSistemiumCore;
			sourceTree = "<group>";
		};
		2C3F72C11CBBD46400F8BFB8 /* Supporting Files */ = {
			isa = PBXGroup;
			children = (
				2C3F72C21CBBD46400F8BFB8 /* main.m */,
			);
			name = "Supporting Files";
			sourceTree = "<group>";
		};
		2C3F72DA1CBBD46400F8BFB8 /* iSistemiumCoreTests */ = {
			isa = PBXGroup;
			children = (
				2C3F72DB1CBBD46400F8BFB8 /* iSistemiumCoreTests.m */,
				2C3F72DD1CBBD46400F8BFB8 /* Info.plist */,
			);
			path = iSistemiumCoreTests;
			sourceTree = "<group>";
		};
		2C3F72E51CBBD46400F8BFB8 /* iSistemiumCoreUITests */ = {
			isa = PBXGroup;
			children = (
				2C3F72E61CBBD46400F8BFB8 /* iSistemiumCoreUITests.m */,
				2C3F72E81CBBD46400F8BFB8 /* Info.plist */,
			);
			path = iSistemiumCoreUITests;
			sourceTree = "<group>";
		};
		2C3F72F41CBBD52800F8BFB8 /* Storyboards */ = {
			isa = PBXGroup;
			children = (
				2C3F73031CBBD56500F8BFB8 /* STMCustomCells */,
				2C3F72F51CBBD55700F8BFB8 /* STMAuth.storyboard */,
				2C3F72F61CBBD55700F8BFB8 /* STMLogs.storyboard */,
				2C3F72F71CBBD55700F8BFB8 /* STMProfile.storyboard */,
				2C3F72F81CBBD55700F8BFB8 /* STMScannerInfo.storyboard */,
				2C3F72F91CBBD55700F8BFB8 /* STMSettings.storyboard */,
				2C3F72FA1CBBD55700F8BFB8 /* STMWebView.storyboard */,
				2C3F72FB1CBBD55700F8BFB8 /* STMWKWebView.storyboard */,
			);
			path = Storyboards;
			sourceTree = "<group>";
		};
		2C3F73031CBBD56500F8BFB8 /* STMCustomCells */ = {
			isa = PBXGroup;
			children = (
				2C3F73041CBBD57B00F8BFB8 /* STMThreeLinesAndCheckboxTVCell.xib */,
				2C3F73051CBBD57B00F8BFB8 /* STMCustom1CVCell.xib */,
				2C3F73061CBBD57B00F8BFB8 /* STMCustom1CVHeader.xib */,
				2C3F73071CBBD57B00F8BFB8 /* STMCustom1TVCell.xib */,
				2C3F73081CBBD57B00F8BFB8 /* STMCustom2TVCell.xib */,
				2C3F73091CBBD57B00F8BFB8 /* STMCustom3TVCell.xib */,
				2C3F730A1CBBD57B00F8BFB8 /* STMCustom4TVCell.xib */,
				2C3F730B1CBBD57B00F8BFB8 /* STMCustom5TVCell.xib */,
				2C3F730C1CBBD57B00F8BFB8 /* STMCustom6TVCell.xib */,
				2C3F730D1CBBD57B00F8BFB8 /* STMCustom7TVCell.xib */,
				2C3F730E1CBBD57B00F8BFB8 /* STMCustom8TVCell.xib */,
				2C3F730F1CBBD57B00F8BFB8 /* STMCustom9TVCell.xib */,
				2C3F73101CBBD57B00F8BFB8 /* STMCustom10TVCell.xib */,
				2C3F73111CBBD57B00F8BFB8 /* STMVolumeControlsTVCell.xib */,
				2C3F73121CBBD57B00F8BFB8 /* STMVolumeTVCell.xib */,
			);
			path = STMCustomCells;
			sourceTree = "<group>";
		};
		2C3F73221CBBD5A000F8BFB8 /* Resources */ = {
			isa = PBXGroup;
			children = (
				2C3F73291CBBD5D300F8BFB8 /* Images */,
				2C3F73231CBBD5C400F8BFB8 /* iphoneTabs.json */,
				2C3F73241CBBD5C400F8BFB8 /* settings_schema.json */,
				2C3F73251CBBD5C400F8BFB8 /* settings.json */,
			);
			path = Resources;
			sourceTree = "<group>";
		};
		2C3F73291CBBD5D300F8BFB8 /* Images */ = {
			isa = PBXGroup;
			children = (
				2C3F732A1CBBD5EB00F8BFB8 /* 3colors-colorless.png */,
				2C3F732B1CBBD5EB00F8BFB8 /* alphabetical_sorting_2.png */,
				2C3F732C1CBBD5EB00F8BFB8 /* alphabetical_sorting.png */,
				2C3F732D1CBBD5EB00F8BFB8 /* back.png */,
				2C3F732E1CBBD5EB00F8BFB8 /* barcode_scanner.png */,
				2C3F732F1CBBD5EB00F8BFB8 /* barcode.png */,
				2C3F73301CBBD5EB00F8BFB8 /* camera_filled.png */,
				2C3F73311CBBD5EB00F8BFB8 /* camera.png */,
				2C3F73321CBBD5EB00F8BFB8 /* checked_user-128.png */,
				2C3F73331CBBD5EB00F8BFB8 /* checkmark_filled.png */,
				2C3F73341CBBD5EB00F8BFB8 /* checkmark.png */,
				2C3F73351CBBD5EB00F8BFB8 /* Clear Filters-25.png */,
				2C3F73361CBBD5EB00F8BFB8 /* close-128.png */,
				2C3F73371CBBD5EB00F8BFB8 /* data_in_both_directions.png */,
				2C3F73381CBBD5EB00F8BFB8 /* Down4-25.png */,
				2C3F73391CBBD5EB00F8BFB8 /* Download From Cloud-100.png */,
				2C3F733A1CBBD5EB00F8BFB8 /* exit-128.png */,
				2C3F733B1CBBD5EB00F8BFB8 /* forward.png */,
				2C3F733C1CBBD5EB00F8BFB8 /* full_moon-128.png */,
				2C3F733D1CBBD5EB00F8BFB8 /* future.png */,
				2C3F733E1CBBD5EB00F8BFB8 /* help.png */,
				2C3F733F1CBBD5EB00F8BFB8 /* location.png */,
				2C3F73401CBBD5EB00F8BFB8 /* No connection Cloud-100.png */,
				2C3F73411CBBD5EB00F8BFB8 /* numerical_sorting_12.png */,
				2C3F73421CBBD5EB00F8BFB8 /* numerical_sorting_21.png */,
				2C3F73431CBBD5EB00F8BFB8 /* password2-128.png */,
				2C3F73441CBBD5EB00F8BFB8 /* past.png */,
				2C3F73451CBBD5EB00F8BFB8 /* photo-icon.png */,
				2C3F73461CBBD5EB00F8BFB8 /* plus.png */,
				2C3F73471CBBD5EB00F8BFB8 /* refresh_barcode.png */,
				2C3F73481CBBD5EB00F8BFB8 /* reordering.png */,
				2C3F73491CBBD5EB00F8BFB8 /* scanner_info.png */,
				2C3F734A1CBBD5EB00F8BFB8 /* Settings-25.png */,
				2C3F734B1CBBD5EB00F8BFB8 /* settings.png */,
				2C3F734C1CBBD5EB00F8BFB8 /* settings3-128.png */,
				2C3F734D1CBBD5EB00F8BFB8 /* Sync With Cloud.png */,
				2C3F734E1CBBD5EB00F8BFB8 /* uncheckmark_filled.png */,
				2C3F734F1CBBD5EB00F8BFB8 /* uncheckmark.png */,
				2C3F73501CBBD5EB00F8BFB8 /* Up4-25.png */,
				2C3F73511CBBD5EB00F8BFB8 /* Upload To Cloud-100.png */,
			);
			path = Images;
			sourceTree = "<group>";
		};
		7EF1977DB6872C616B454979 /* Pods */ = {
			isa = PBXGroup;
			children = (
				3EC6EC8B00B17412AB815609 /* Pods.debug.xcconfig */,
				DAB0701E03625C967FCD1F9A /* Pods.release.xcconfig */,
			);
			name = Pods;
			sourceTree = "<group>";
		};
		FAADE6582BAD513A5DA3F23B /* Frameworks */ = {
			isa = PBXGroup;
			children = (
				230CB3E88CB302D8B47B23D5 /* libPods.a */,
			);
			name = Frameworks;
			sourceTree = "<group>";
		};
/* End PBXGroup section */

/* Begin PBXNativeTarget section */
		2C3F72BD1CBBD46400F8BFB8 /* iSistemiumCore */ = {
			isa = PBXNativeTarget;
			buildConfigurationList = 2C3F72EB1CBBD46400F8BFB8 /* Build configuration list for PBXNativeTarget "iSistemiumCore" */;
			buildPhases = (
				7D103EEEE85BE30B4D91F592 /* Check Pods Manifest.lock */,
				2C3F72BA1CBBD46400F8BFB8 /* Sources */,
				2C3F72BB1CBBD46400F8BFB8 /* Frameworks */,
				2C3F72BC1CBBD46400F8BFB8 /* Resources */,
				95FC8ED814E7D3D106E95C7C /* Embed Pods Frameworks */,
				617902B800AE05DD94B34717 /* Copy Pods Resources */,
			);
			buildRules = (
			);
			dependencies = (
			);
			name = iSistemiumCore;
			productName = iSistemiumCore;
			productReference = 2C3F72BE1CBBD46400F8BFB8 /* iSistemiumCore.app */;
			productType = "com.apple.product-type.application";
		};
		2C3F72D61CBBD46400F8BFB8 /* iSistemiumCoreTests */ = {
			isa = PBXNativeTarget;
			buildConfigurationList = 2C3F72EE1CBBD46400F8BFB8 /* Build configuration list for PBXNativeTarget "iSistemiumCoreTests" */;
			buildPhases = (
				2C3F72D31CBBD46400F8BFB8 /* Sources */,
				2C3F72D41CBBD46400F8BFB8 /* Frameworks */,
				2C3F72D51CBBD46400F8BFB8 /* Resources */,
			);
			buildRules = (
			);
			dependencies = (
				2C3F72D91CBBD46400F8BFB8 /* PBXTargetDependency */,
			);
			name = iSistemiumCoreTests;
			productName = iSistemiumCoreTests;
			productReference = 2C3F72D71CBBD46400F8BFB8 /* iSistemiumCoreTests.xctest */;
			productType = "com.apple.product-type.bundle.unit-test";
		};
		2C3F72E11CBBD46400F8BFB8 /* iSistemiumCoreUITests */ = {
			isa = PBXNativeTarget;
			buildConfigurationList = 2C3F72F11CBBD46400F8BFB8 /* Build configuration list for PBXNativeTarget "iSistemiumCoreUITests" */;
			buildPhases = (
				2C3F72DE1CBBD46400F8BFB8 /* Sources */,
				2C3F72DF1CBBD46400F8BFB8 /* Frameworks */,
				2C3F72E01CBBD46400F8BFB8 /* Resources */,
			);
			buildRules = (
			);
			dependencies = (
				2C3F72E41CBBD46400F8BFB8 /* PBXTargetDependency */,
			);
			name = iSistemiumCoreUITests;
			productName = iSistemiumCoreUITests;
			productReference = 2C3F72E21CBBD46400F8BFB8 /* iSistemiumCoreUITests.xctest */;
			productType = "com.apple.product-type.bundle.ui-testing";
		};
/* End PBXNativeTarget section */

/* Begin PBXProject section */
		2C3F72B61CBBD46400F8BFB8 /* Project object */ = {
			isa = PBXProject;
			attributes = {
				LastUpgradeCheck = 0730;
				ORGANIZATIONNAME = "Sistemium UAB";
				TargetAttributes = {
					2C3F72BD1CBBD46400F8BFB8 = {
						CreatedOnToolsVersion = 7.3;
					};
					2C3F72D61CBBD46400F8BFB8 = {
						CreatedOnToolsVersion = 7.3;
						TestTargetID = 2C3F72BD1CBBD46400F8BFB8;
					};
					2C3F72E11CBBD46400F8BFB8 = {
						CreatedOnToolsVersion = 7.3;
						TestTargetID = 2C3F72BD1CBBD46400F8BFB8;
					};
				};
			};
			buildConfigurationList = 2C3F72B91CBBD46400F8BFB8 /* Build configuration list for PBXProject "iSistemiumCore" */;
			compatibilityVersion = "Xcode 3.2";
			developmentRegion = English;
			hasScannedForEncodings = 0;
			knownRegions = (
				en,
				Base,
			);
			mainGroup = 2C3F72B51CBBD46400F8BFB8;
			productRefGroup = 2C3F72BF1CBBD46400F8BFB8 /* Products */;
			projectDirPath = "";
			projectRoot = "";
			targets = (
				2C3F72BD1CBBD46400F8BFB8 /* iSistemiumCore */,
				2C3F72D61CBBD46400F8BFB8 /* iSistemiumCoreTests */,
				2C3F72E11CBBD46400F8BFB8 /* iSistemiumCoreUITests */,
			);
		};
/* End PBXProject section */

/* Begin PBXResourcesBuildPhase section */
		2C3F72BC1CBBD46400F8BFB8 /* Resources */ = {
			isa = PBXResourcesBuildPhase;
			buildActionMask = 2147483647;
			files = (
				2C3F73141CBBD57B00F8BFB8 /* STMCustom1CVCell.xib in Resources */,
				2C3F73701CBBD5EB00F8BFB8 /* reordering.png in Resources */,
				2C3F73011CBBD55700F8BFB8 /* STMWebView.storyboard in Resources */,
				2C3F73001CBBD55700F8BFB8 /* STMSettings.storyboard in Resources */,
				2C3F73711CBBD5EB00F8BFB8 /* scanner_info.png in Resources */,
				2C3F731C1CBBD57B00F8BFB8 /* STMCustom7TVCell.xib in Resources */,
				2C3F73261CBBD5C400F8BFB8 /* iphoneTabs.json in Resources */,
				2C3F736B1CBBD5EB00F8BFB8 /* password2-128.png in Resources */,
				2C3F731A1CBBD57B00F8BFB8 /* STMCustom5TVCell.xib in Resources */,
				2C3F73171CBBD57B00F8BFB8 /* STMCustom2TVCell.xib in Resources */,
				2C3F72CE1CBBD46400F8BFB8 /* Assets.xcassets in Resources */,
				2C3F73211CBBD57B00F8BFB8 /* STMVolumeTVCell.xib in Resources */,
				2C3F731E1CBBD57B00F8BFB8 /* STMCustom9TVCell.xib in Resources */,
				2C3F73681CBBD5EB00F8BFB8 /* No connection Cloud-100.png in Resources */,
				2C3F73771CBBD5EB00F8BFB8 /* uncheckmark.png in Resources */,
				2C3F731D1CBBD57B00F8BFB8 /* STMCustom8TVCell.xib in Resources */,
				2C3F736D1CBBD5EB00F8BFB8 /* photo-icon.png in Resources */,
				2C3F735D1CBBD5EB00F8BFB8 /* Clear Filters-25.png in Resources */,
				2C3F73181CBBD57B00F8BFB8 /* STMCustom3TVCell.xib in Resources */,
				2C3F73791CBBD5EB00F8BFB8 /* Upload To Cloud-100.png in Resources */,
				2C3F73721CBBD5EB00F8BFB8 /* Settings-25.png in Resources */,
				2C3F73611CBBD5EB00F8BFB8 /* Download From Cloud-100.png in Resources */,
				2C3F72FE1CBBD55700F8BFB8 /* STMProfile.storyboard in Resources */,
				2C3F73601CBBD5EB00F8BFB8 /* Down4-25.png in Resources */,
				2C3F73651CBBD5EB00F8BFB8 /* future.png in Resources */,
				2C3F73531CBBD5EB00F8BFB8 /* alphabetical_sorting_2.png in Resources */,
				2C3F735A1CBBD5EB00F8BFB8 /* checked_user-128.png in Resources */,
				2C3F735E1CBBD5EB00F8BFB8 /* close-128.png in Resources */,
				2C3F73571CBBD5EB00F8BFB8 /* barcode.png in Resources */,
				2C3F73151CBBD57B00F8BFB8 /* STMCustom1CVHeader.xib in Resources */,
				2C3F72FC1CBBD55700F8BFB8 /* STMAuth.storyboard in Resources */,
				2C3F736C1CBBD5EB00F8BFB8 /* past.png in Resources */,
				2C3F73621CBBD5EB00F8BFB8 /* exit-128.png in Resources */,
				2C3F73561CBBD5EB00F8BFB8 /* barcode_scanner.png in Resources */,
				2C3F735B1CBBD5EB00F8BFB8 /* checkmark_filled.png in Resources */,
				2C3F735C1CBBD5EB00F8BFB8 /* checkmark.png in Resources */,
				2C3F73691CBBD5EB00F8BFB8 /* numerical_sorting_12.png in Resources */,
				2C3F73591CBBD5EB00F8BFB8 /* camera.png in Resources */,
				2C3F73731CBBD5EB00F8BFB8 /* settings.png in Resources */,
				2C3F73021CBBD55700F8BFB8 /* STMWKWebView.storyboard in Resources */,
				2C3F73751CBBD5EB00F8BFB8 /* Sync With Cloud.png in Resources */,
				2C3F73521CBBD5EB00F8BFB8 /* 3colors-colorless.png in Resources */,
				2C3F73541CBBD5EB00F8BFB8 /* alphabetical_sorting.png in Resources */,
				2C3F731F1CBBD57B00F8BFB8 /* STMCustom10TVCell.xib in Resources */,
				2C3F73131CBBD57B00F8BFB8 /* STMThreeLinesAndCheckboxTVCell.xib in Resources */,
				2C3F736A1CBBD5EB00F8BFB8 /* numerical_sorting_21.png in Resources */,
				2C3F73201CBBD57B00F8BFB8 /* STMVolumeControlsTVCell.xib in Resources */,
				2C3F731B1CBBD57B00F8BFB8 /* STMCustom6TVCell.xib in Resources */,
				2C3F736E1CBBD5EB00F8BFB8 /* plus.png in Resources */,
				2C3F73581CBBD5EB00F8BFB8 /* camera_filled.png in Resources */,
				2C3F73661CBBD5EB00F8BFB8 /* help.png in Resources */,
				2C3F73631CBBD5EB00F8BFB8 /* forward.png in Resources */,
				2C3F73281CBBD5C400F8BFB8 /* settings.json in Resources */,
				2C3F72FF1CBBD55700F8BFB8 /* STMScannerInfo.storyboard in Resources */,
				2C3F73671CBBD5EB00F8BFB8 /* location.png in Resources */,
				2C3F72FD1CBBD55700F8BFB8 /* STMLogs.storyboard in Resources */,
				2C3F73741CBBD5EB00F8BFB8 /* settings3-128.png in Resources */,
				2C3F73551CBBD5EB00F8BFB8 /* back.png in Resources */,
				2C3F73271CBBD5C400F8BFB8 /* settings_schema.json in Resources */,
				2C3F735F1CBBD5EB00F8BFB8 /* data_in_both_directions.png in Resources */,
				2C3F736F1CBBD5EB00F8BFB8 /* refresh_barcode.png in Resources */,
				2C3F73781CBBD5EB00F8BFB8 /* Up4-25.png in Resources */,
				2C3F73761CBBD5EB00F8BFB8 /* uncheckmark_filled.png in Resources */,
				2C3F73641CBBD5EB00F8BFB8 /* full_moon-128.png in Resources */,
				2C3F73191CBBD57B00F8BFB8 /* STMCustom4TVCell.xib in Resources */,
				2C3F73161CBBD57B00F8BFB8 /* STMCustom1TVCell.xib in Resources */,
			);
			runOnlyForDeploymentPostprocessing = 0;
		};
		2C3F72D51CBBD46400F8BFB8 /* Resources */ = {
			isa = PBXResourcesBuildPhase;
			buildActionMask = 2147483647;
			files = (
			);
			runOnlyForDeploymentPostprocessing = 0;
		};
		2C3F72E01CBBD46400F8BFB8 /* Resources */ = {
			isa = PBXResourcesBuildPhase;
			buildActionMask = 2147483647;
			files = (
			);
			runOnlyForDeploymentPostprocessing = 0;
		};
/* End PBXResourcesBuildPhase section */

/* Begin PBXShellScriptBuildPhase section */
		617902B800AE05DD94B34717 /* Copy Pods Resources */ = {
			isa = PBXShellScriptBuildPhase;
			buildActionMask = 2147483647;
			files = (
			);
			inputPaths = (
			);
			name = "Copy Pods Resources";
			outputPaths = (
			);
			runOnlyForDeploymentPostprocessing = 0;
			shellPath = /bin/sh;
			shellScript = "\"${SRCROOT}/Pods/Target Support Files/Pods/Pods-resources.sh\"\n";
			showEnvVarsInLog = 0;
		};
		7D103EEEE85BE30B4D91F592 /* Check Pods Manifest.lock */ = {
			isa = PBXShellScriptBuildPhase;
			buildActionMask = 2147483647;
			files = (
			);
			inputPaths = (
			);
			name = "Check Pods Manifest.lock";
			outputPaths = (
			);
			runOnlyForDeploymentPostprocessing = 0;
			shellPath = /bin/sh;
			shellScript = "diff \"${PODS_ROOT}/../Podfile.lock\" \"${PODS_ROOT}/Manifest.lock\" > /dev/null\nif [[ $? != 0 ]] ; then\n    cat << EOM\nerror: The sandbox is not in sync with the Podfile.lock. Run 'pod install' or update your CocoaPods installation.\nEOM\n    exit 1\nfi\n";
			showEnvVarsInLog = 0;
		};
		95FC8ED814E7D3D106E95C7C /* Embed Pods Frameworks */ = {
			isa = PBXShellScriptBuildPhase;
			buildActionMask = 2147483647;
			files = (
			);
			inputPaths = (
			);
			name = "Embed Pods Frameworks";
			outputPaths = (
			);
			runOnlyForDeploymentPostprocessing = 0;
			shellPath = /bin/sh;
			shellScript = "\"${SRCROOT}/Pods/Target Support Files/Pods/Pods-frameworks.sh\"\n";
			showEnvVarsInLog = 0;
		};
/* End PBXShellScriptBuildPhase section */

/* Begin PBXSourcesBuildPhase section */
		2C3F72BA1CBBD46400F8BFB8 /* Sources */ = {
			isa = PBXSourcesBuildPhase;
			buildActionMask = 2147483647;
			files = (
				2C3F72C31CBBD46400F8BFB8 /* main.m in Sources */,
			);
			runOnlyForDeploymentPostprocessing = 0;
		};
		2C3F72D31CBBD46400F8BFB8 /* Sources */ = {
			isa = PBXSourcesBuildPhase;
			buildActionMask = 2147483647;
			files = (
				2C3F72DC1CBBD46400F8BFB8 /* iSistemiumCoreTests.m in Sources */,
			);
			runOnlyForDeploymentPostprocessing = 0;
		};
		2C3F72DE1CBBD46400F8BFB8 /* Sources */ = {
			isa = PBXSourcesBuildPhase;
			buildActionMask = 2147483647;
			files = (
				2C3F72E71CBBD46400F8BFB8 /* iSistemiumCoreUITests.m in Sources */,
			);
			runOnlyForDeploymentPostprocessing = 0;
		};
/* End PBXSourcesBuildPhase section */

/* Begin PBXTargetDependency section */
		2C3F72D91CBBD46400F8BFB8 /* PBXTargetDependency */ = {
			isa = PBXTargetDependency;
			target = 2C3F72BD1CBBD46400F8BFB8 /* iSistemiumCore */;
			targetProxy = 2C3F72D81CBBD46400F8BFB8 /* PBXContainerItemProxy */;
		};
		2C3F72E41CBBD46400F8BFB8 /* PBXTargetDependency */ = {
			isa = PBXTargetDependency;
			target = 2C3F72BD1CBBD46400F8BFB8 /* iSistemiumCore */;
			targetProxy = 2C3F72E31CBBD46400F8BFB8 /* PBXContainerItemProxy */;
		};
/* End PBXTargetDependency section */

/* Begin XCBuildConfiguration section */
		2C3F72E91CBBD46400F8BFB8 /* Debug */ = {
			isa = XCBuildConfiguration;
			buildSettings = {
				ALWAYS_SEARCH_USER_PATHS = NO;
				CLANG_ANALYZER_NONNULL = YES;
				CLANG_CXX_LANGUAGE_STANDARD = "gnu++0x";
				CLANG_CXX_LIBRARY = "libc++";
				CLANG_ENABLE_MODULES = YES;
				CLANG_ENABLE_OBJC_ARC = YES;
				CLANG_WARN_BOOL_CONVERSION = YES;
				CLANG_WARN_CONSTANT_CONVERSION = YES;
				CLANG_WARN_DIRECT_OBJC_ISA_USAGE = YES_ERROR;
				CLANG_WARN_EMPTY_BODY = YES;
				CLANG_WARN_ENUM_CONVERSION = YES;
				CLANG_WARN_INT_CONVERSION = YES;
				CLANG_WARN_OBJC_ROOT_CLASS = YES_ERROR;
				CLANG_WARN_UNREACHABLE_CODE = YES;
				CLANG_WARN__DUPLICATE_METHOD_MATCH = YES;
				"CODE_SIGN_IDENTITY[sdk=iphoneos*]" = "iPhone Developer";
				COPY_PHASE_STRIP = NO;
				DEBUG_INFORMATION_FORMAT = dwarf;
				ENABLE_STRICT_OBJC_MSGSEND = YES;
				ENABLE_TESTABILITY = YES;
				GCC_C_LANGUAGE_STANDARD = gnu99;
				GCC_DYNAMIC_NO_PIC = NO;
				GCC_NO_COMMON_BLOCKS = YES;
				GCC_OPTIMIZATION_LEVEL = 0;
				GCC_PREPROCESSOR_DEFINITIONS = (
					"DEBUG=1",
					"$(inherited)",
				);
				GCC_WARN_64_TO_32_BIT_CONVERSION = YES;
				GCC_WARN_ABOUT_RETURN_TYPE = YES_ERROR;
				GCC_WARN_UNDECLARED_SELECTOR = YES;
				GCC_WARN_UNINITIALIZED_AUTOS = YES_AGGRESSIVE;
				GCC_WARN_UNUSED_FUNCTION = YES;
				GCC_WARN_UNUSED_VARIABLE = YES;
				IPHONEOS_DEPLOYMENT_TARGET = 9.3;
				MTL_ENABLE_DEBUG_INFO = YES;
				ONLY_ACTIVE_ARCH = YES;
				SDKROOT = iphoneos;
				TARGETED_DEVICE_FAMILY = "1,2";
			};
			name = Debug;
		};
		2C3F72EA1CBBD46400F8BFB8 /* Release */ = {
			isa = XCBuildConfiguration;
			buildSettings = {
				ALWAYS_SEARCH_USER_PATHS = NO;
				CLANG_ANALYZER_NONNULL = YES;
				CLANG_CXX_LANGUAGE_STANDARD = "gnu++0x";
				CLANG_CXX_LIBRARY = "libc++";
				CLANG_ENABLE_MODULES = YES;
				CLANG_ENABLE_OBJC_ARC = YES;
				CLANG_WARN_BOOL_CONVERSION = YES;
				CLANG_WARN_CONSTANT_CONVERSION = YES;
				CLANG_WARN_DIRECT_OBJC_ISA_USAGE = YES_ERROR;
				CLANG_WARN_EMPTY_BODY = YES;
				CLANG_WARN_ENUM_CONVERSION = YES;
				CLANG_WARN_INT_CONVERSION = YES;
				CLANG_WARN_OBJC_ROOT_CLASS = YES_ERROR;
				CLANG_WARN_UNREACHABLE_CODE = YES;
				CLANG_WARN__DUPLICATE_METHOD_MATCH = YES;
				"CODE_SIGN_IDENTITY[sdk=iphoneos*]" = "iPhone Developer";
				COPY_PHASE_STRIP = NO;
				DEBUG_INFORMATION_FORMAT = "dwarf-with-dsym";
				ENABLE_NS_ASSERTIONS = NO;
				ENABLE_STRICT_OBJC_MSGSEND = YES;
				GCC_C_LANGUAGE_STANDARD = gnu99;
				GCC_NO_COMMON_BLOCKS = YES;
				GCC_WARN_64_TO_32_BIT_CONVERSION = YES;
				GCC_WARN_ABOUT_RETURN_TYPE = YES_ERROR;
				GCC_WARN_UNDECLARED_SELECTOR = YES;
				GCC_WARN_UNINITIALIZED_AUTOS = YES_AGGRESSIVE;
				GCC_WARN_UNUSED_FUNCTION = YES;
				GCC_WARN_UNUSED_VARIABLE = YES;
				IPHONEOS_DEPLOYMENT_TARGET = 9.3;
				MTL_ENABLE_DEBUG_INFO = NO;
				SDKROOT = iphoneos;
				TARGETED_DEVICE_FAMILY = "1,2";
				VALIDATE_PRODUCT = YES;
			};
			name = Release;
		};
		2C3F72EC1CBBD46400F8BFB8 /* Debug */ = {
			isa = XCBuildConfiguration;
			baseConfigurationReference = 3EC6EC8B00B17412AB815609 /* Pods.debug.xcconfig */;
			buildSettings = {
				ASSETCATALOG_COMPILER_APPICON_NAME = AppIcon;
				INFOPLIST_FILE = iSistemiumCore/Info.plist;
				LD_RUNPATH_SEARCH_PATHS = "$(inherited) @executable_path/Frameworks";
				PRODUCT_BUNDLE_IDENTIFIER = com.sistemium.iSistemiumCore;
				PRODUCT_NAME = "$(TARGET_NAME)";
			};
			name = Debug;
		};
		2C3F72ED1CBBD46400F8BFB8 /* Release */ = {
			isa = XCBuildConfiguration;
			baseConfigurationReference = DAB0701E03625C967FCD1F9A /* Pods.release.xcconfig */;
			buildSettings = {
				ASSETCATALOG_COMPILER_APPICON_NAME = AppIcon;
				INFOPLIST_FILE = iSistemiumCore/Info.plist;
				LD_RUNPATH_SEARCH_PATHS = "$(inherited) @executable_path/Frameworks";
				PRODUCT_BUNDLE_IDENTIFIER = com.sistemium.iSistemiumCore;
				PRODUCT_NAME = "$(TARGET_NAME)";
			};
			name = Release;
		};
		2C3F72EF1CBBD46400F8BFB8 /* Debug */ = {
			isa = XCBuildConfiguration;
			buildSettings = {
				BUNDLE_LOADER = "$(TEST_HOST)";
				INFOPLIST_FILE = iSistemiumCoreTests/Info.plist;
				LD_RUNPATH_SEARCH_PATHS = "$(inherited) @executable_path/Frameworks @loader_path/Frameworks";
				PRODUCT_BUNDLE_IDENTIFIER = com.sistemium.iSistemiumCoreTests;
				PRODUCT_NAME = "$(TARGET_NAME)";
				TEST_HOST = "$(BUILT_PRODUCTS_DIR)/iSistemiumCore.app/iSistemiumCore";
			};
			name = Debug;
		};
		2C3F72F01CBBD46400F8BFB8 /* Release */ = {
			isa = XCBuildConfiguration;
			buildSettings = {
				BUNDLE_LOADER = "$(TEST_HOST)";
				INFOPLIST_FILE = iSistemiumCoreTests/Info.plist;
				LD_RUNPATH_SEARCH_PATHS = "$(inherited) @executable_path/Frameworks @loader_path/Frameworks";
				PRODUCT_BUNDLE_IDENTIFIER = com.sistemium.iSistemiumCoreTests;
				PRODUCT_NAME = "$(TARGET_NAME)";
				TEST_HOST = "$(BUILT_PRODUCTS_DIR)/iSistemiumCore.app/iSistemiumCore";
			};
			name = Release;
		};
		2C3F72F21CBBD46400F8BFB8 /* Debug */ = {
			isa = XCBuildConfiguration;
			buildSettings = {
				INFOPLIST_FILE = iSistemiumCoreUITests/Info.plist;
				LD_RUNPATH_SEARCH_PATHS = "$(inherited) @executable_path/Frameworks @loader_path/Frameworks";
				PRODUCT_BUNDLE_IDENTIFIER = com.sistemium.iSistemiumCoreUITests;
				PRODUCT_NAME = "$(TARGET_NAME)";
				TEST_TARGET_NAME = iSistemiumCore;
			};
			name = Debug;
		};
		2C3F72F31CBBD46400F8BFB8 /* Release */ = {
			isa = XCBuildConfiguration;
			buildSettings = {
				INFOPLIST_FILE = iSistemiumCoreUITests/Info.plist;
				LD_RUNPATH_SEARCH_PATHS = "$(inherited) @executable_path/Frameworks @loader_path/Frameworks";
				PRODUCT_BUNDLE_IDENTIFIER = com.sistemium.iSistemiumCoreUITests;
				PRODUCT_NAME = "$(TARGET_NAME)";
				TEST_TARGET_NAME = iSistemiumCore;
			};
			name = Release;
		};
/* End XCBuildConfiguration section */

/* Begin XCConfigurationList section */
		2C3F72B91CBBD46400F8BFB8 /* Build configuration list for PBXProject "iSistemiumCore" */ = {
			isa = XCConfigurationList;
			buildConfigurations = (
				2C3F72E91CBBD46400F8BFB8 /* Debug */,
				2C3F72EA1CBBD46400F8BFB8 /* Release */,
			);
			defaultConfigurationIsVisible = 0;
			defaultConfigurationName = Release;
		};
		2C3F72EB1CBBD46400F8BFB8 /* Build configuration list for PBXNativeTarget "iSistemiumCore" */ = {
			isa = XCConfigurationList;
			buildConfigurations = (
				2C3F72EC1CBBD46400F8BFB8 /* Debug */,
				2C3F72ED1CBBD46400F8BFB8 /* Release */,
			);
			defaultConfigurationIsVisible = 0;
			defaultConfigurationName = Release;
		};
		2C3F72EE1CBBD46400F8BFB8 /* Build configuration list for PBXNativeTarget "iSistemiumCoreTests" */ = {
			isa = XCConfigurationList;
			buildConfigurations = (
				2C3F72EF1CBBD46400F8BFB8 /* Debug */,
				2C3F72F01CBBD46400F8BFB8 /* Release */,
			);
			defaultConfigurationIsVisible = 0;
			defaultConfigurationName = Release;
		};
		2C3F72F11CBBD46400F8BFB8 /* Build configuration list for PBXNativeTarget "iSistemiumCoreUITests" */ = {
			isa = XCConfigurationList;
			buildConfigurations = (
				2C3F72F21CBBD46400F8BFB8 /* Debug */,
				2C3F72F31CBBD46400F8BFB8 /* Release */,
			);
			defaultConfigurationIsVisible = 0;
			defaultConfigurationName = Release;
		};
/* End XCConfigurationList section */
	};
	rootObject = 2C3F72B61CBBD46400F8BFB8 /* Project object */;
}
